
Microsoft Visual Studio Solution File, Format Version 12.00
# Visual Studio Version 17
VisualStudioVersion = 17.3.32819.101
MinimumVisualStudioVersion = 10.0.40219.1
Project("{FAE04EC0-301F-11D3-BF4B-00C04F79EFBC}") = "Module16.Practices", "Module16.Practices\Module16.Practices.csproj", "{B708754E-5F1F-4B9F-8011-253548E02861}"
EndProject
Project("{FAE04EC0-301F-11D3-BF4B-00C04F79EFBC}") = "Module16.PracticesTests", "Module16.PracticesTests\Module16.PracticesTests.csproj", "{AE18C232-35DB-4AFD-8EE0-F70E3EC71635}"
EndProject
Global
	GlobalSection(SolutionConfigurationPlatforms) = preSolution
		Debug|Any CPU = Debug|Any CPU
		Release|Any CPU = Release|Any CPU
	EndGlobalSection
	GlobalSection(ProjectConfigurationPlatforms) = postSolution
		{B708754E-5F1F-4B9F-8011-253548E02861}.Debug|Any CPU.ActiveCfg = Debug|Any CPU
		{B708754E-5F1F-4B9F-8011-253548E02861}.Debug|Any CPU.Build.0 = Debug|Any CPU
		{B708754E-5F1F-4B9F-8011-253548E02861}.Release|Any CPU.ActiveCfg = Release|Any CPU
		{B708754E-5F1F-4B9F-8011-253548E02861}.Release|Any CPU.Build.0 = Release|Any CPU
		{AE18C232-35DB-4AFD-8EE0-F70E3EC71635}.Debug|Any CPU.ActiveCfg = Debug|Any CPU
		{AE18C232-35DB-4AFD-8EE0-F70E3EC71635}.Debug|Any CPU.Build.0 = Debug|Any CPU
		{AE18C232-35DB-4AFD-8EE0-F70E3EC71635}.Release|Any CPU.ActiveCfg = Release|Any CPU
		{AE18C232-35DB-4AFD-8EE0-F70E3EC71635}.Release|Any CPU.Build.0 = Release|Any CPU
	EndGlobalSection
	GlobalSection(SolutionProperties) = preSolution
		HideSolutionNode = FALSE
	EndGlobalSection
	GlobalSection(ExtensibilityGlobals) = postSolution
		SolutionGuid = {2C29E5DB-79FF-4BA0-BE10-521A8D0F0DFA}
	EndGlobalSection
EndGlobal
